version = 1
requires-python = ">=3.9"

[manifest]
members = [
    "biliass",
    "yutto",
]

[[package]]
name = "aiofiles"
version = "24.1.0"
source = { registry = "https://pypi.org/simple" }
sdist = { url = "https://files.pythonhosted.org/packages/0b/03/a88171e277e8caa88a4c77808c20ebb04ba74cc4681bf1e9416c862de237/aiofiles-24.1.0.tar.gz", hash = "sha256:22a075c9e5a3810f0c2e48f3008c94d68c65d763b9b03857924c99e57355166c", size = 30247 }
wheels = [
    { url = "https://files.pythonhosted.org/packages/a5/45/30bb92d442636f570cb5651bc661f52b610e2eec3f891a5dc3a4c3667db0/aiofiles-24.1.0-py3-none-any.whl", hash = "sha256:b4ec55f4195e3eb5d7abd1bf7e061763e864dd4954231fb8539a0ef8bb8260e5", size = 15896 },
]

[[package]]
name = "anyio"
version = "4.6.0"
source = { registry = "https://pypi.org/simple" }
dependencies = [
    { name = "exceptiongroup", marker = "python_full_version < '3.11'" },
    { name = "idna" },
    { name = "sniffio" },
    { name = "typing-extensions", marker = "python_full_version < '3.11'" },
]
sdist = { url = "https://files.pythonhosted.org/packages/78/49/f3f17ec11c4a91fe79275c426658e509b07547f874b14c1a526d86a83fc8/anyio-4.6.0.tar.gz", hash = "sha256:137b4559cbb034c477165047febb6ff83f390fc3b20bf181c1fc0a728cb8beeb", size = 170983 }
wheels = [
    { url = "https://files.pythonhosted.org/packages/9e/ef/7a4f225581a0d7886ea28359179cb861d7fbcdefad29663fc1167b86f69f/anyio-4.6.0-py3-none-any.whl", hash = "sha256:c7d2e9d63e31599eeb636c8c5c03a7e108d73b345f064f1c19fdc87b79036a9a", size = 89631 },
]

[[package]]
name = "biliass"
version = "2.0.0a2"
source = { editable = "packages/biliass" }

[[package]]
name = "certifi"
version = "2024.8.30"
source = { registry = "https://pypi.org/simple" }
sdist = { url = "https://files.pythonhosted.org/packages/b0/ee/9b19140fe824b367c04c5e1b369942dd754c4c5462d5674002f75c4dedc1/certifi-2024.8.30.tar.gz", hash = "sha256:bec941d2aa8195e248a60b31ff9f0558284cf01a52591ceda73ea9afffd69fd9", size = 168507 }
wheels = [
    { url = "https://files.pythonhosted.org/packages/12/90/3c9ff0512038035f59d279fddeb79f5f1eccd8859f06d6163c58798b9487/certifi-2024.8.30-py3-none-any.whl", hash = "sha256:922820b53db7a7257ffbda3f597266d435245903d80737e34f8a45ff3e3230d8", size = 167321 },
]

[[package]]
name = "colorama"
version = "0.4.6"
source = { registry = "https://pypi.org/simple" }
sdist = { url = "https://files.pythonhosted.org/packages/d8/53/6f443c9a4a8358a93a6792e2acffb9d9d5cb0a5cfd8802644b7b1c9a02e4/colorama-0.4.6.tar.gz", hash = "sha256:08695f5cb7ed6e0531a20572697297273c47b8cae5a63ffc6d6ed5c201be6e44", size = 27697 }
wheels = [
    { url = "https://files.pythonhosted.org/packages/d1/d6/3965ed04c63042e047cb6a3e6ed1a63a35087b6a609aa3a15ed8ac56c221/colorama-0.4.6-py2.py3-none-any.whl", hash = "sha256:4f1d9991f5acc0ca119f9d443620b77f9d6b33703e51011c16baf57afb285fc6", size = 25335 },
]

[[package]]
name = "dict2xml"
version = "1.7.6"
source = { registry = "https://pypi.org/simple" }
sdist = { url = "https://files.pythonhosted.org/packages/07/b3/2db1b077f9a80d30d1729a0af69b7cef8ce5b45c77a1f0f9ebb01b9edce1/dict2xml-1.7.6.tar.gz", hash = "sha256:3e4811f4ef7fca86dede6acf382268ff9bc5735a4aa0e21b465f6eb0c4e81732", size = 15210 }
wheels = [
    { url = "https://files.pythonhosted.org/packages/32/ad/5a193b6461c713058e3c5b6dbec7a9f92230a968650129cc46f32d3c9de2/dict2xml-1.7.6-py3-none-any.whl", hash = "sha256:841a0c1720e4bfa121e958b805f1062fccf5af2970e7a1f81d7fa056f49e5065", size = 8038 },
]

[[package]]
name = "exceptiongroup"
version = "1.2.2"
source = { registry = "https://pypi.org/simple" }
sdist = { url = "https://files.pythonhosted.org/packages/09/35/2495c4ac46b980e4ca1f6ad6db102322ef3ad2410b79fdde159a4b0f3b92/exceptiongroup-1.2.2.tar.gz", hash = "sha256:47c2edf7c6738fafb49fd34290706d1a1a2f4d1c6df275526b62cbb4aa5393cc", size = 28883 }
wheels = [
    { url = "https://files.pythonhosted.org/packages/02/cc/b7e31358aac6ed1ef2bb790a9746ac2c69bcb3c8588b41616914eb106eaf/exceptiongroup-1.2.2-py3-none-any.whl", hash = "sha256:3111b9d131c238bec2f8f516e123e14ba243563fb135d3fe885990585aa7795b", size = 16453 },
]

[[package]]
name = "h11"
version = "0.14.0"
source = { registry = "https://pypi.org/simple" }
sdist = { url = "https://files.pythonhosted.org/packages/f5/38/3af3d3633a34a3316095b39c8e8fb4853a28a536e55d347bd8d8e9a14b03/h11-0.14.0.tar.gz", hash = "sha256:8f19fbbe99e72420ff35c00b27a34cb9937e902a8b810e2c88300c6f0a3b699d", size = 100418 }
wheels = [
    { url = "https://files.pythonhosted.org/packages/95/04/ff642e65ad6b90db43e668d70ffb6736436c7ce41fcc549f4e9472234127/h11-0.14.0-py3-none-any.whl", hash = "sha256:e3fe4ac4b851c468cc8363d500db52c2ead036020723024a109d37346efaa761", size = 58259 },
]

[[package]]
name = "h2"
version = "4.1.0"
source = { registry = "https://pypi.org/simple" }
dependencies = [
    { name = "hpack" },
    { name = "hyperframe" },
]
sdist = { url = "https://files.pythonhosted.org/packages/2a/32/fec683ddd10629ea4ea46d206752a95a2d8a48c22521edd70b142488efe1/h2-4.1.0.tar.gz", hash = "sha256:a83aca08fbe7aacb79fec788c9c0bac936343560ed9ec18b82a13a12c28d2abb", size = 2145593 }
wheels = [
    { url = "https://files.pythonhosted.org/packages/2a/e5/db6d438da759efbb488c4f3fbdab7764492ff3c3f953132efa6b9f0e9e53/h2-4.1.0-py3-none-any.whl", hash = "sha256:03a46bcf682256c95b5fd9e9a99c1323584c3eec6440d379b9903d709476bc6d", size = 57488 },
]

[[package]]
name = "hpack"
version = "4.0.0"
source = { registry = "https://pypi.org/simple" }
sdist = { url = "https://files.pythonhosted.org/packages/3e/9b/fda93fb4d957db19b0f6b370e79d586b3e8528b20252c729c476a2c02954/hpack-4.0.0.tar.gz", hash = "sha256:fc41de0c63e687ebffde81187a948221294896f6bdc0ae2312708df339430095", size = 49117 }
wheels = [
    { url = "https://files.pythonhosted.org/packages/d5/34/e8b383f35b77c402d28563d2b8f83159319b509bc5f760b15d60b0abf165/hpack-4.0.0-py3-none-any.whl", hash = "sha256:84a076fad3dc9a9f8063ccb8041ef100867b1878b25ef0ee63847a5d53818a6c", size = 32611 },
]

[[package]]
name = "httpcore"
version = "1.0.5"
source = { registry = "https://pypi.org/simple" }
dependencies = [
    { name = "certifi" },
    { name = "h11" },
]
sdist = { url = "https://files.pythonhosted.org/packages/17/b0/5e8b8674f8d203335a62fdfcfa0d11ebe09e23613c3391033cbba35f7926/httpcore-1.0.5.tar.gz", hash = "sha256:34a38e2f9291467ee3b44e89dd52615370e152954ba21721378a87b2960f7a61", size = 83234 }
wheels = [
    { url = "https://files.pythonhosted.org/packages/78/d4/e5d7e4f2174f8a4d63c8897d79eb8fe2503f7ecc03282fee1fa2719c2704/httpcore-1.0.5-py3-none-any.whl", hash = "sha256:421f18bac248b25d310f3cacd198d55b8e6125c107797b609ff9b7a6ba7991b5", size = 77926 },
]

[[package]]
name = "httpx"
version = "0.27.2"
source = { registry = "https://pypi.org/simple" }
dependencies = [
    { name = "anyio" },
    { name = "certifi" },
    { name = "httpcore" },
    { name = "idna" },
    { name = "sniffio" },
]
sdist = { url = "https://files.pythonhosted.org/packages/78/82/08f8c936781f67d9e6b9eeb8a0c8b4e406136ea4c3d1f89a5db71d42e0e6/httpx-0.27.2.tar.gz", hash = "sha256:f7c2be1d2f3c3c3160d441802406b206c2b76f5947b11115e6df10c6c65e66c2", size = 144189 }
wheels = [
    { url = "https://files.pythonhosted.org/packages/56/95/9377bcb415797e44274b51d46e3249eba641711cf3348050f76ee7b15ffc/httpx-0.27.2-py3-none-any.whl", hash = "sha256:7bb2708e112d8fdd7829cd4243970f0c223274051cb35ee80c03301ee29a3df0", size = 76395 },
]

[package.optional-dependencies]
http2 = [
    { name = "h2" },
]
socks = [
    { name = "socksio" },
]

[[package]]
name = "hyperframe"
version = "6.0.1"
source = { registry = "https://pypi.org/simple" }
sdist = { url = "https://files.pythonhosted.org/packages/5a/2a/4747bff0a17f7281abe73e955d60d80aae537a5d203f417fa1c2e7578ebb/hyperframe-6.0.1.tar.gz", hash = "sha256:ae510046231dc8e9ecb1a6586f63d2347bf4c8905914aa84ba585ae85f28a914", size = 25008 }
wheels = [
    { url = "https://files.pythonhosted.org/packages/d7/de/85a784bcc4a3779d1753a7ec2dee5de90e18c7bcf402e71b51fcf150b129/hyperframe-6.0.1-py3-none-any.whl", hash = "sha256:0ec6bafd80d8ad2195c4f03aacba3a8265e57bc4cff261e802bf39970ed02a15", size = 12389 },
]

[[package]]
name = "idna"
version = "3.10"
source = { registry = "https://pypi.org/simple" }
sdist = { url = "https://files.pythonhosted.org/packages/f1/70/7703c29685631f5a7590aa73f1f1d3fa9a380e654b86af429e0934a32f7d/idna-3.10.tar.gz", hash = "sha256:12f65c9b470abda6dc35cf8e63cc574b1c52b11df2c86030af0ac09b01b13ea9", size = 190490 }
wheels = [
    { url = "https://files.pythonhosted.org/packages/76/c6/c88e154df9c4e1a2a66ccf0005a88dfb2650c1dffb6f5ce603dfbd452ce3/idna-3.10-py3-none-any.whl", hash = "sha256:946d195a0d259cbba61165e88e65941f16e9b36ea6ddb97f00452bae8b1287d3", size = 70442 },
]

[[package]]
name = "iniconfig"
version = "2.0.0"
source = { registry = "https://pypi.org/simple" }
sdist = { url = "https://files.pythonhosted.org/packages/d7/4b/cbd8e699e64a6f16ca3a8220661b5f83792b3017d0f79807cb8708d33913/iniconfig-2.0.0.tar.gz", hash = "sha256:2d91e135bf72d31a410b17c16da610a82cb55f6b0477d1a902134b24a455b8b3", size = 4646 }
wheels = [
    { url = "https://files.pythonhosted.org/packages/ef/a6/62565a6e1cf69e10f5727360368e451d4b7f58beeac6173dc9db836a5b46/iniconfig-2.0.0-py3-none-any.whl", hash = "sha256:b6a85871a79d2e3b22d2d1b94ac2824226a63c6b741c88f7ae975f18b6778374", size = 5892 },
]

[[package]]
name = "nodeenv"
version = "1.9.1"
source = { registry = "https://pypi.org/simple" }
sdist = { url = "https://files.pythonhosted.org/packages/43/16/fc88b08840de0e0a72a2f9d8c6bae36be573e475a6326ae854bcc549fc45/nodeenv-1.9.1.tar.gz", hash = "sha256:6ec12890a2dab7946721edbfbcd91f3319c6ccc9aec47be7c7e6b7011ee6645f", size = 47437 }
wheels = [
    { url = "https://files.pythonhosted.org/packages/d2/1d/1b658dbd2b9fa9c4c9f32accbfc0205d532c8c6194dc0f2a4c0428e7128a/nodeenv-1.9.1-py2.py3-none-any.whl", hash = "sha256:ba11c9782d29c27c70ffbdda2d7415098754709be8a7056d79a737cd901155c9", size = 22314 },
]

[[package]]
name = "packaging"
version = "24.1"
source = { registry = "https://pypi.org/simple" }
sdist = { url = "https://files.pythonhosted.org/packages/51/65/50db4dda066951078f0a96cf12f4b9ada6e4b811516bf0262c0f4f7064d4/packaging-24.1.tar.gz", hash = "sha256:026ed72c8ed3fcce5bf8950572258698927fd1dbda10a5e981cdf0ac37f4f002", size = 148788 }
wheels = [
    { url = "https://files.pythonhosted.org/packages/08/aa/cc0199a5f0ad350994d660967a8efb233fe0416e4639146c089643407ce6/packaging-24.1-py3-none-any.whl", hash = "sha256:5b8f2217dbdbd2f7f384c41c628544e6d52f2d0f53c6d0c3ea61aa5d1d7ff124", size = 53985 },
]

[[package]]
name = "pluggy"
version = "1.5.0"
source = { registry = "https://pypi.org/simple" }
sdist = { url = "https://files.pythonhosted.org/packages/96/2d/02d4312c973c6050a18b314a5ad0b3210edb65a906f868e31c111dede4a6/pluggy-1.5.0.tar.gz", hash = "sha256:2cffa88e94fdc978c4c574f15f9e59b7f4201d439195c3715ca9e2486f1d0cf1", size = 67955 }
wheels = [
    { url = "https://files.pythonhosted.org/packages/88/5f/e351af9a41f866ac3f1fac4ca0613908d9a41741cfcf2228f4ad853b697d/pluggy-1.5.0-py3-none-any.whl", hash = "sha256:44e1ad92c8ca002de6377e165f3e0f1be63266ab4d554740532335b9d75ea669", size = 20556 },
]

[[package]]
name = "pyright"
version = "1.1.381"
source = { registry = "https://pypi.org/simple" }
dependencies = [
    { name = "nodeenv" },
]
sdist = { url = "https://files.pythonhosted.org/packages/10/f4/8e2374423280cfb221a8eba3cb13d39276a05e592fea36bc06d5feb18c33/pyright-1.1.381.tar.gz", hash = "sha256:314cf0c1351c189524fb10c7ac20688ecd470e8cc505c394d642c9c80bf7c3a5", size = 17488 }
wheels = [
    { url = "https://files.pythonhosted.org/packages/2f/c0/fec7607edc2459816c49815cd5dac67b28c702ed497102118cdc2757cc8d/pyright-1.1.381-py3-none-any.whl", hash = "sha256:5dc0aa80a265675d36abab59c674ae01dbe476714f91845b61b841d34aa99081", size = 18221 },
]

[[package]]
name = "pytest"
version = "8.3.3"
source = { registry = "https://pypi.org/simple" }
dependencies = [
    { name = "colorama", marker = "sys_platform == 'win32'" },
    { name = "exceptiongroup", marker = "python_full_version < '3.11'" },
    { name = "iniconfig" },
    { name = "packaging" },
    { name = "pluggy" },
    { name = "tomli", marker = "python_full_version < '3.11'" },
]
sdist = { url = "https://files.pythonhosted.org/packages/8b/6c/62bbd536103af674e227c41a8f3dcd022d591f6eed5facb5a0f31ee33bbc/pytest-8.3.3.tar.gz", hash = "sha256:70b98107bd648308a7952b06e6ca9a50bc660be218d53c257cc1fc94fda10181", size = 1442487 }
wheels = [
    { url = "https://files.pythonhosted.org/packages/6b/77/7440a06a8ead44c7757a64362dd22df5760f9b12dc5f11b6188cd2fc27a0/pytest-8.3.3-py3-none-any.whl", hash = "sha256:a6853c7375b2663155079443d2e45de913a911a11d669df02a50814944db57b2", size = 342341 },
]

[[package]]
name = "pytest-rerunfailures"
version = "14.0"
source = { registry = "https://pypi.org/simple" }
dependencies = [
    { name = "packaging" },
    { name = "pytest" },
]
sdist = { url = "https://files.pythonhosted.org/packages/cc/a4/6de45fe850759e94aa9a55cda807c76245af1941047294df26c851dfb4a9/pytest-rerunfailures-14.0.tar.gz", hash = "sha256:4a400bcbcd3c7a4ad151ab8afac123d90eca3abe27f98725dc4d9702887d2e92", size = 21350 }
wheels = [
    { url = "https://files.pythonhosted.org/packages/dc/e7/e75bd157331aecc190f5f8950d7ea3d2cf56c3c57fb44da70e60b221133f/pytest_rerunfailures-14.0-py3-none-any.whl", hash = "sha256:4197bdd2eaeffdbf50b5ea6e7236f47ff0e44d1def8dae08e409f536d84e7b32", size = 12709 },
]

[[package]]
name = "ruff"
version = "0.6.7"
source = { registry = "https://pypi.org/simple" }
sdist = { url = "https://files.pythonhosted.org/packages/8d/7c/3045a526c57cef4b5ec4d5d154692e31429749a49810a53e785de334c4f6/ruff-0.6.7.tar.gz", hash = "sha256:44e52129d82266fa59b587e2cd74def5637b730a69c4542525dfdecfaae38bd5", size = 3073785 }
wheels = [
    { url = "https://files.pythonhosted.org/packages/22/c4/1c5c636f83f905c537785016e9cdd7a36df53c025a2d07940580ecb37bcf/ruff-0.6.7-py3-none-linux_armv6l.whl", hash = "sha256:08277b217534bfdcc2e1377f7f933e1c7957453e8a79764d004e44c40db923f2", size = 10336748 },
    { url = "https://files.pythonhosted.org/packages/84/d9/aa15a56be7ad796f4d7625362aff588f9fc013bbb7323a63571628a2cf2d/ruff-0.6.7-py3-none-macosx_10_12_x86_64.whl", hash = "sha256:c6707a32e03b791f4448dc0dce24b636cbcdee4dd5607adc24e5ee73fd86c00a", size = 9958833 },
    { url = "https://files.pythonhosted.org/packages/27/25/5dd1c32bfc3ad3136c8ebe84312d1bdd2e6c908ac7f60692ec009b7050a8/ruff-0.6.7-py3-none-macosx_11_0_arm64.whl", hash = "sha256:533d66b7774ef224e7cf91506a7dafcc9e8ec7c059263ec46629e54e7b1f90ab", size = 9633369 },
    { url = "https://files.pythonhosted.org/packages/0e/3e/01b25484f3cb08fe6fddedf1f55f3f3c0af861a5b5f5082fbe60ab4b2596/ruff-0.6.7-py3-none-manylinux_2_17_aarch64.manylinux2014_aarch64.whl", hash = "sha256:17a86aac6f915932d259f7bec79173e356165518859f94649d8c50b81ff087e9", size = 10637415 },
    { url = "https://files.pythonhosted.org/packages/8a/c9/5bb9b849e4777e0f961de43edf95d2af0ab34999a5feee957be096887876/ruff-0.6.7-py3-none-manylinux_2_17_armv7l.manylinux2014_armv7l.whl", hash = "sha256:b3f8822defd260ae2460ea3832b24d37d203c3577f48b055590a426a722d50ef", size = 10097389 },
    { url = "https://files.pythonhosted.org/packages/52/cf/e08f1c290c7d848ddfb2ae811f24f445c18e1d3e50e01c38ffa7f5a50494/ruff-0.6.7-py3-none-manylinux_2_17_i686.manylinux2014_i686.whl", hash = "sha256:9ba4efe5c6dbbb58be58dd83feedb83b5e95c00091bf09987b4baf510fee5c99", size = 10951440 },
    { url = "https://files.pythonhosted.org/packages/a2/2d/ca8aa0da5841913c302d8034c6de0ce56c401c685184d8dd23cfdd0003f9/ruff-0.6.7-py3-none-manylinux_2_17_ppc64.manylinux2014_ppc64.whl", hash = "sha256:525201b77f94d2b54868f0cbe5edc018e64c22563da6c5c2e5c107a4e85c1c0d", size = 11708900 },
    { url = "https://files.pythonhosted.org/packages/89/fc/9a83c57baee977c82392e19a328b52cebdaf61601af3d99498e278ef5104/ruff-0.6.7-py3-none-manylinux_2_17_ppc64le.manylinux2014_ppc64le.whl", hash = "sha256:8854450839f339e1049fdbe15d875384242b8e85d5c6947bb2faad33c651020b", size = 11258892 },
    { url = "https://files.pythonhosted.org/packages/d3/a3/254cc7afef702c68ae9079290c2a1477ae0e81478589baf745026d8a4eb5/ruff-0.6.7-py3-none-manylinux_2_17_s390x.manylinux2014_s390x.whl", hash = "sha256:2f0b62056246234d59cbf2ea66e84812dc9ec4540518e37553513392c171cb18", size = 12367932 },
    { url = "https://files.pythonhosted.org/packages/9f/55/53f10c1bd8c3b2ae79aed18e62b22c6346f9296aa0ec80489b8442bd06a9/ruff-0.6.7-py3-none-manylinux_2_17_x86_64.manylinux2014_x86_64.whl", hash = "sha256:6b1462fa56c832dc0cea5b4041cfc9c97813505d11cce74ebc6d1aae068de36b", size = 10838629 },
    { url = "https://files.pythonhosted.org/packages/84/72/fb335c2b25432c63d15383ecbd7bfc1915e68cdf8d086a08042052144255/ruff-0.6.7-py3-none-musllinux_1_2_aarch64.whl", hash = "sha256:02b083770e4cdb1495ed313f5694c62808e71764ec6ee5db84eedd82fd32d8f5", size = 10648824 },
    { url = "https://files.pythonhosted.org/packages/92/a8/d57e135a8ad99b6a0c6e2a5c590bcacdd57f44340174f4409c3893368610/ruff-0.6.7-py3-none-musllinux_1_2_armv7l.whl", hash = "sha256:0c05fd37013de36dfa883a3854fae57b3113aaa8abf5dea79202675991d48624", size = 10174368 },
    { url = "https://files.pythonhosted.org/packages/a7/6f/1a30a6e81dcf2fa9ff3f7011eb87fe76c12a3c6bba74db6a1977d763de1f/ruff-0.6.7-py3-none-musllinux_1_2_i686.whl", hash = "sha256:f49c9caa28d9bbfac4a637ae10327b3db00f47d038f3fbb2195c4d682e925b14", size = 10514383 },
    { url = "https://files.pythonhosted.org/packages/0b/25/df6f2575bc9fe43a6dedfd8dee12896f09a94303e2c828d5f85856bb69a0/ruff-0.6.7-py3-none-musllinux_1_2_x86_64.whl", hash = "sha256:a0e1655868164e114ba43a908fd2d64a271a23660195017c17691fb6355d59bb", size = 10902340 },
    { url = "https://files.pythonhosted.org/packages/68/62/f2c1031e2fb7b94f9bf0603744e73db4ef90081b0eb1b9639a6feefd52ea/ruff-0.6.7-py3-none-win32.whl", hash = "sha256:a939ca435b49f6966a7dd64b765c9df16f1faed0ca3b6f16acdf7731969deb35", size = 8448033 },
    { url = "https://files.pythonhosted.org/packages/97/80/193d1604a3f7d75eb1b2a7ce6bf0fdbdbc136889a65caacea6ffb29501b1/ruff-0.6.7-py3-none-win_amd64.whl", hash = "sha256:590445eec5653f36248584579c06252ad2e110a5d1f32db5420de35fb0e1c977", size = 9273543 },
    { url = "https://files.pythonhosted.org/packages/8e/a8/4abb5a9f58f51e4b1ea386be5ab2e547035bc1ee57200d1eca2f8909a33e/ruff-0.6.7-py3-none-win_arm64.whl", hash = "sha256:b28f0d5e2f771c1fe3c7a45d3f53916fc74a480698c4b5731f0bea61e52137c8", size = 8618044 },
]

[[package]]
name = "sniffio"
version = "1.3.1"
source = { registry = "https://pypi.org/simple" }
sdist = { url = "https://files.pythonhosted.org/packages/a2/87/a6771e1546d97e7e041b6ae58d80074f81b7d5121207425c964ddf5cfdbd/sniffio-1.3.1.tar.gz", hash = "sha256:f4324edc670a0f49750a81b895f35c3adb843cca46f0530f79fc1babb23789dc", size = 20372 }
wheels = [
    { url = "https://files.pythonhosted.org/packages/e9/44/75a9c9421471a6c4805dbf2356f7c181a29c1879239abab1ea2cc8f38b40/sniffio-1.3.1-py3-none-any.whl", hash = "sha256:2f6da418d1f1e0fddd844478f41680e794e6051915791a034ff65e5f100525a2", size = 10235 },
]

[[package]]
name = "socksio"
version = "1.0.0"
source = { registry = "https://pypi.org/simple" }
sdist = { url = "https://files.pythonhosted.org/packages/f8/5c/48a7d9495be3d1c651198fd99dbb6ce190e2274d0f28b9051307bdec6b85/socksio-1.0.0.tar.gz", hash = "sha256:f88beb3da5b5c38b9890469de67d0cb0f9d494b78b106ca1845f96c10b91c4ac", size = 19055 }
wheels = [
    { url = "https://files.pythonhosted.org/packages/37/c3/6eeb6034408dac0fa653d126c9204ade96b819c936e136c5e8a6897eee9c/socksio-1.0.0-py3-none-any.whl", hash = "sha256:95dc1f15f9b34e8d7b16f06d74b8ccf48f609af32ab33c608d08761c5dcbb1f3", size = 12763 },
]

[[package]]
name = "syrupy"
version = "4.7.1"
source = { registry = "https://pypi.org/simple" }
dependencies = [
    { name = "pytest" },
]
sdist = { url = "https://files.pythonhosted.org/packages/db/ac/105c151335bf71ddf7f3c77118438cad77d4cf092559a6b429bca1bb436b/syrupy-4.7.1.tar.gz", hash = "sha256:f9d4485f3f27d0e5df6ed299cac6fa32eb40a441915d988e82be5a4bdda335c8", size = 49117 }
wheels = [
    { url = "https://files.pythonhosted.org/packages/81/0d/af9adb7a0e4420dcf249653f589cd27152fa6daab5cfd84e6d665dcd7df5/syrupy-4.7.1-py3-none-any.whl", hash = "sha256:be002267a512a4bedddfae2e026c93df1ea928ae10baadc09640516923376d41", size = 49135 },
]

[[package]]
name = "tomli"
version = "2.0.1"
source = { registry = "https://pypi.org/simple" }
sdist = { url = "https://files.pythonhosted.org/packages/c0/3f/d7af728f075fb08564c5949a9c95e44352e23dee646869fa104a3b2060a3/tomli-2.0.1.tar.gz", hash = "sha256:de526c12914f0c550d15924c62d72abc48d6fe7364aa87328337a31007fe8a4f", size = 15164 }
wheels = [
    { url = "https://files.pythonhosted.org/packages/97/75/10a9ebee3fd790d20926a90a2547f0bf78f371b2f13aa822c759680ca7b9/tomli-2.0.1-py3-none-any.whl", hash = "sha256:939de3e7a6161af0c887ef91b7d41a53e7c5a1ca976325f429cb46ea9bc30ecc", size = 12757 },
]

[[package]]
name = "typing-extensions"
version = "4.12.2"
source = { registry = "https://pypi.org/simple" }
sdist = { url = "https://files.pythonhosted.org/packages/df/db/f35a00659bc03fec321ba8bce9420de607a1d37f8342eee1863174c69557/typing_extensions-4.12.2.tar.gz", hash = "sha256:1a7ead55c7e559dd4dee8856e3a88b41225abfe1ce8df57b7c13915fe121ffb8", size = 85321 }
wheels = [
    { url = "https://files.pythonhosted.org/packages/26/9f/ad63fc0248c5379346306f8668cda6e2e2e9c95e01216d2b8ffd9ff037d0/typing_extensions-4.12.2-py3-none-any.whl", hash = "sha256:04e5ca0351e0f3f85c6853954072df659d0d13fac324d0072316b67d7794700d", size = 37438 },
]

[[package]]
name = "typos"
version = "1.24.6"
source = { registry = "https://pypi.org/simple" }
sdist = { url = "https://files.pythonhosted.org/packages/92/44/0d3f5a153919bc757573fe89200ae77609a440b1b774d04e5f816839ee58/typos-1.24.6.tar.gz", hash = "sha256:0feda2aab59fc1c32cd1f382ea8676b4ef0921086ab172a43e69e5bb19206993", size = 1107518 }
wheels = [
    { url = "https://files.pythonhosted.org/packages/ad/6b/75bf4f3de20c5edc17919b55b592dffade154ccee7c65512b2f506514082/typos-1.24.6-py3-none-macosx_10_12_x86_64.whl", hash = "sha256:be576cd0afcbf72bd0fa4129d457b146627c837db189eae7ee83b9fc311dacef", size = 3523299 },
    { url = "https://files.pythonhosted.org/packages/b8/d0/c4f711a402c938c87ea3ee2bc173bb6ecb1a9869b662245eb97c56571f18/typos-1.24.6-py3-none-macosx_11_0_arm64.whl", hash = "sha256:49fc10b7d28a6a016678c92a5b3d091ea46a2a7e09d5d1122045e8509378f785", size = 3447219 },
    { url = "https://files.pythonhosted.org/packages/b1/a9/d63c5be9eb7a0105ae6b1257c6bae98595d52198b8c53359f6b93618d9f8/typos-1.24.6-py3-none-manylinux_2_17_aarch64.manylinux2014_aarch64.whl", hash = "sha256:dfbd7c40af229d680c2b9bc90e846eea70626bde9608f77a57c4e72145a5aa5f", size = 4893439 },
    { url = "https://files.pythonhosted.org/packages/38/56/3aebbf2f950a15343396cbfc4773d4de5dc632867210051516cb4faef83f/typos-1.24.6-py3-none-manylinux_2_17_i686.manylinux2014_i686.whl", hash = "sha256:b8eb05826d6ff1f8747e1c7d9991a10e13b644b2eb7e2855cc79a37ebb1104f1", size = 3532218 },
    { url = "https://files.pythonhosted.org/packages/3b/6f/d8ecddc82501b01a0e956173060c3b216bc9a7ee4c66d5b5c07dd02305c6/typos-1.24.6-py3-none-manylinux_2_17_x86_64.manylinux2014_x86_64.whl", hash = "sha256:e2abbe9dc208f6da9fddbf9bb281a3944d66188df9b3d43ad6f2f99721713446", size = 4215931 },
    { url = "https://files.pythonhosted.org/packages/86/09/e0cf7945287e4d7a61403237a1df2def419734a6a8e41f06829187f96ee2/typos-1.24.6-py3-none-musllinux_1_2_aarch64.whl", hash = "sha256:7291555c82e81e305ab3e10cb04d0f7d49ccecc1ced322c60f4619f6a14c7225", size = 3892579 },
    { url = "https://files.pythonhosted.org/packages/1f/02/336eb3315e1d53a780d98511b465cd801be9151294bcbb50a603d503b5de/typos-1.24.6-py3-none-musllinux_1_2_x86_64.whl", hash = "sha256:7e27c307c26549a7986f2701f161358df29543e818bf9d6d81f0a81ca5ddeff5", size = 4224637 },
    { url = "https://files.pythonhosted.org/packages/71/b3/fafc840ea619798a7f98765c76eeb13e9227175509172f7a730cbd633396/typos-1.24.6-py3-none-win32.whl", hash = "sha256:cd725db3823c319f7e97b4e8e9fa4af143568b1c7d834f66c584bf86b9691f94", size = 2431615 },
    { url = "https://files.pythonhosted.org/packages/93/ec/2842da6226fe6c3c5a030364f65d99901c06507f6575c5f8250bc3602d9f/typos-1.24.6-py3-none-win_amd64.whl", hash = "sha256:12972e7a8be14fe5e7f0392de0b228a0098748959d1fecc35c4e8eab3efc04c0", size = 2568857 },
]

[[package]]
name = "yutto"
version = "2.0.0b43"
source = { editable = "." }
dependencies = [
    { name = "aiofiles" },
    { name = "biliass" },
    { name = "colorama", marker = "sys_platform == 'win32'" },
    { name = "dict2xml" },
    { name = "httpx", extra = ["http2", "socks"] },
    { name = "typing-extensions" },
]

[package.dev-dependencies]
dev = [
    { name = "pyright" },
    { name = "pytest" },
    { name = "pytest-rerunfailures" },
    { name = "ruff" },
    { name = "syrupy" },
    { name = "typos" },
]

[package.metadata]
requires-dist = [
    { name = "aiofiles", specifier = ">=24.1.0" },
    { name = "biliass", editable = "packages/biliass" },
    { name = "colorama", marker = "sys_platform == 'win32'", specifier = ">=0.4.6" },
    { name = "dict2xml", specifier = ">=1.7.6" },
    { name = "httpx", extras = ["http2", "socks"], specifier = ">=0.27.0" },
    { name = "typing-extensions", specifier = ">=4.12.2" },
]

[package.metadata.requires-dev]
dev = [
    { name = "pyright", specifier = ">=1.1.381" },
    { name = "pytest", specifier = ">=8.3.2" },
    { name = "pytest-rerunfailures", specifier = ">=14.0" },
    { name = "ruff", specifier = ">=0.6.7" },
    { name = "syrupy", specifier = ">=4.7.1" },
    { name = "typos", specifier = ">=1.24.6" },
]
